
Microsoft Visual Studio Solution File, Format Version 12.00
# Visual Studio Version 16
VisualStudioVersion = 16.0.30002.166
MinimumVisualStudioVersion = 10.0.40219.1
Project("{9A19103F-16F7-4668-BE54-9A1E7A4F7556}") = "DP", "DP\DP.csproj", "{18A89B78-5DBD-4A4F-B1BF-693B08C8CD8C}"
EndProject
Project("{9A19103F-16F7-4668-BE54-9A1E7A4F7556}") = "Factory", "Factory\Factory.csproj", "{A3DBB0B7-EB2B-487B-B5DA-0231C80C9266}"
EndProject
Project("{9A19103F-16F7-4668-BE54-9A1E7A4F7556}") = "Momento", "Momento\Momento.csproj", "{2C589F8C-1E7E-4FF6-9E15-EAEE3C434D9C}"
EndProject
Project("{9A19103F-16F7-4668-BE54-9A1E7A4F7556}") = "State", "State\State.csproj", "{C945D1D9-0BEB-48B3-9744-10286E4BB138}"
EndProject
Project("{9A19103F-16F7-4668-BE54-9A1E7A4F7556}") = "Iterator", "Iterator\Iterator.csproj", "{392D3E00-A722-4F96-9C33-38B67932B381}"
EndProject
Project("{9A19103F-16F7-4668-BE54-9A1E7A4F7556}") = "Strategy", "Strategy\Strategy.csproj", "{C0FA5149-9569-43B6-996B-BC6058645F72}"
EndProject
Project("{9A19103F-16F7-4668-BE54-9A1E7A4F7556}") = "Template", "Template\Template.csproj", "{16CD714D-124B-44CB-AA4B-AFD6AAF707AE}"
EndProject
Project("{9A19103F-16F7-4668-BE54-9A1E7A4F7556}") = "Command", "Command\Command.csproj", "{6F6B22A9-BD1F-4320-82EE-6B7BB96EBB61}"
EndProject
Project("{9A19103F-16F7-4668-BE54-9A1E7A4F7556}") = "Observer", "Observer\Observer.csproj", "{05ABCF00-9524-4A42-B659-9A2A4680D60B}"
EndProject
Project("{9A19103F-16F7-4668-BE54-9A1E7A4F7556}") = "Mediator", "Mediator\Mediator.csproj", "{FCBC69D1-517F-41A8-83A3-89DE983B1FD0}"
EndProject
Project("{9A19103F-16F7-4668-BE54-9A1E7A4F7556}") = "ChainOfResponsibility", "ChainOfResponsibility\ChainOfResponsibility.csproj", "{69461563-FF2E-4B83-A4A9-647D780764C3}"
EndProject
Project("{9A19103F-16F7-4668-BE54-9A1E7A4F7556}") = "Visitor", "Visitor\Visitor.csproj", "{CF79FCEE-8470-41D9-A9F8-620208EF94E4}"
EndProject
Project("{FAE04EC0-301F-11D3-BF4B-00C04F79EFBC}") = "Composite", "ClassLibrary1\Composite.csproj", "{4A4966E4-E842-4F70-BDD2-D3608B2ED785}"
EndProject
Project("{FAE04EC0-301F-11D3-BF4B-00C04F79EFBC}") = "Adapter", "Adapter\Adapter.csproj", "{648CC45A-6F43-461B-9055-ECE9F6631C36}"
EndProject
Project("{FAE04EC0-301F-11D3-BF4B-00C04F79EFBC}") = "Decorator", "Decorator\Decorator.csproj", "{94A300B3-2B6F-4BCF-93F0-AA0C134BEBE8}"
EndProject
Project("{FAE04EC0-301F-11D3-BF4B-00C04F79EFBC}") = "Facade", "Facade\Facade.csproj", "{FD8F8C69-EB88-43B2-AEE7-85A8920743F9}"
EndProject
Project("{FAE04EC0-301F-11D3-BF4B-00C04F79EFBC}") = "FlyWeight", "FlyWeight\FlyWeight.csproj", "{F4505E6B-3918-427A-9A86-A91D2863EA8A}"
EndProject
Project("{FAE04EC0-301F-11D3-BF4B-00C04F79EFBC}") = "Bridge", "Bridge\Bridge.csproj", "{84853AD3-8DE2-4570-815D-B0AD4F074D8C}"
EndProject
Project("{FAE04EC0-301F-11D3-BF4B-00C04F79EFBC}") = "Proxy", "Proxy\Proxy.csproj", "{9B7DB514-F60E-44D7-8856-FD6000EB572E}"
EndProject
Global
	GlobalSection(SolutionConfigurationPlatforms) = preSolution
		Debug|Any CPU = Debug|Any CPU
		Release|Any CPU = Release|Any CPU
	EndGlobalSection
	GlobalSection(ProjectConfigurationPlatforms) = postSolution
		{18A89B78-5DBD-4A4F-B1BF-693B08C8CD8C}.Debug|Any CPU.ActiveCfg = Debug|Any CPU
		{18A89B78-5DBD-4A4F-B1BF-693B08C8CD8C}.Debug|Any CPU.Build.0 = Debug|Any CPU
		{18A89B78-5DBD-4A4F-B1BF-693B08C8CD8C}.Release|Any CPU.ActiveCfg = Release|Any CPU
		{18A89B78-5DBD-4A4F-B1BF-693B08C8CD8C}.Release|Any CPU.Build.0 = Release|Any CPU
		{A3DBB0B7-EB2B-487B-B5DA-0231C80C9266}.Debug|Any CPU.ActiveCfg = Debug|Any CPU
		{A3DBB0B7-EB2B-487B-B5DA-0231C80C9266}.Debug|Any CPU.Build.0 = Debug|Any CPU
		{A3DBB0B7-EB2B-487B-B5DA-0231C80C9266}.Release|Any CPU.ActiveCfg = Release|Any CPU
		{A3DBB0B7-EB2B-487B-B5DA-0231C80C9266}.Release|Any CPU.Build.0 = Release|Any CPU
		{2C589F8C-1E7E-4FF6-9E15-EAEE3C434D9C}.Debug|Any CPU.ActiveCfg = Debug|Any CPU
		{2C589F8C-1E7E-4FF6-9E15-EAEE3C434D9C}.Debug|Any CPU.Build.0 = Debug|Any CPU
		{2C589F8C-1E7E-4FF6-9E15-EAEE3C434D9C}.Release|Any CPU.ActiveCfg = Release|Any CPU
		{2C589F8C-1E7E-4FF6-9E15-EAEE3C434D9C}.Release|Any CPU.Build.0 = Release|Any CPU
		{C945D1D9-0BEB-48B3-9744-10286E4BB138}.Debug|Any CPU.ActiveCfg = Debug|Any CPU
		{C945D1D9-0BEB-48B3-9744-10286E4BB138}.Debug|Any CPU.Build.0 = Debug|Any CPU
		{C945D1D9-0BEB-48B3-9744-10286E4BB138}.Release|Any CPU.ActiveCfg = Release|Any CPU
		{C945D1D9-0BEB-48B3-9744-10286E4BB138}.Release|Any CPU.Build.0 = Release|Any CPU
		{392D3E00-A722-4F96-9C33-38B67932B381}.Debug|Any CPU.ActiveCfg = Debug|Any CPU
		{392D3E00-A722-4F96-9C33-38B67932B381}.Debug|Any CPU.Build.0 = Debug|Any CPU
		{392D3E00-A722-4F96-9C33-38B67932B381}.Release|Any CPU.ActiveCfg = Release|Any CPU
		{392D3E00-A722-4F96-9C33-38B67932B381}.Release|Any CPU.Build.0 = Release|Any CPU
		{C0FA5149-9569-43B6-996B-BC6058645F72}.Debug|Any CPU.ActiveCfg = Debug|Any CPU
		{C0FA5149-9569-43B6-996B-BC6058645F72}.Debug|Any CPU.Build.0 = Debug|Any CPU
		{C0FA5149-9569-43B6-996B-BC6058645F72}.Release|Any CPU.ActiveCfg = Release|Any CPU
		{C0FA5149-9569-43B6-996B-BC6058645F72}.Release|Any CPU.Build.0 = Release|Any CPU
		{16CD714D-124B-44CB-AA4B-AFD6AAF707AE}.Debug|Any CPU.ActiveCfg = Debug|Any CPU
		{16CD714D-124B-44CB-AA4B-AFD6AAF707AE}.Debug|Any CPU.Build.0 = Debug|Any CPU
		{16CD714D-124B-44CB-AA4B-AFD6AAF707AE}.Release|Any CPU.ActiveCfg = Release|Any CPU
		{16CD714D-124B-44CB-AA4B-AFD6AAF707AE}.Release|Any CPU.Build.0 = Release|Any CPU
		{6F6B22A9-BD1F-4320-82EE-6B7BB96EBB61}.Debug|Any CPU.ActiveCfg = Debug|Any CPU
		{6F6B22A9-BD1F-4320-82EE-6B7BB96EBB61}.Debug|Any CPU.Build.0 = Debug|Any CPU
		{6F6B22A9-BD1F-4320-82EE-6B7BB96EBB61}.Release|Any CPU.ActiveCfg = Release|Any CPU
		{6F6B22A9-BD1F-4320-82EE-6B7BB96EBB61}.Release|Any CPU.Build.0 = Release|Any CPU
		{05ABCF00-9524-4A42-B659-9A2A4680D60B}.Debug|Any CPU.ActiveCfg = Debug|Any CPU
		{05ABCF00-9524-4A42-B659-9A2A4680D60B}.Debug|Any CPU.Build.0 = Debug|Any CPU
		{05ABCF00-9524-4A42-B659-9A2A4680D60B}.Release|Any CPU.ActiveCfg = Release|Any CPU
		{05ABCF00-9524-4A42-B659-9A2A4680D60B}.Release|Any CPU.Build.0 = Release|Any CPU
		{FCBC69D1-517F-41A8-83A3-89DE983B1FD0}.Debug|Any CPU.ActiveCfg = Debug|Any CPU
		{FCBC69D1-517F-41A8-83A3-89DE983B1FD0}.Debug|Any CPU.Build.0 = Debug|Any CPU
		{FCBC69D1-517F-41A8-83A3-89DE983B1FD0}.Release|Any CPU.ActiveCfg = Release|Any CPU
		{FCBC69D1-517F-41A8-83A3-89DE983B1FD0}.Release|Any CPU.Build.0 = Release|Any CPU
		{69461563-FF2E-4B83-A4A9-647D780764C3}.Debug|Any CPU.ActiveCfg = Debug|Any CPU
		{69461563-FF2E-4B83-A4A9-647D780764C3}.Debug|Any CPU.Build.0 = Debug|Any CPU
		{69461563-FF2E-4B83-A4A9-647D780764C3}.Release|Any CPU.ActiveCfg = Release|Any CPU
		{69461563-FF2E-4B83-A4A9-647D780764C3}.Release|Any CPU.Build.0 = Release|Any CPU
		{CF79FCEE-8470-41D9-A9F8-620208EF94E4}.Debug|Any CPU.ActiveCfg = Debug|Any CPU
		{CF79FCEE-8470-41D9-A9F8-620208EF94E4}.Debug|Any CPU.Build.0 = Debug|Any CPU
		{CF79FCEE-8470-41D9-A9F8-620208EF94E4}.Release|Any CPU.ActiveCfg = Release|Any CPU
		{CF79FCEE-8470-41D9-A9F8-620208EF94E4}.Release|Any CPU.Build.0 = Release|Any CPU
		{4A4966E4-E842-4F70-BDD2-D3608B2ED785}.Debug|Any CPU.ActiveCfg = Debug|Any CPU
		{4A4966E4-E842-4F70-BDD2-D3608B2ED785}.Debug|Any CPU.Build.0 = Debug|Any CPU
		{4A4966E4-E842-4F70-BDD2-D3608B2ED785}.Release|Any CPU.ActiveCfg = Release|Any CPU
		{4A4966E4-E842-4F70-BDD2-D3608B2ED785}.Release|Any CPU.Build.0 = Release|Any CPU
		{648CC45A-6F43-461B-9055-ECE9F6631C36}.Debug|Any CPU.ActiveCfg = Debug|Any CPU
		{648CC45A-6F43-461B-9055-ECE9F6631C36}.Debug|Any CPU.Build.0 = Debug|Any CPU
		{648CC45A-6F43-461B-9055-ECE9F6631C36}.Release|Any CPU.ActiveCfg = Release|Any CPU
		{648CC45A-6F43-461B-9055-ECE9F6631C36}.Release|Any CPU.Build.0 = Release|Any CPU
		{94A300B3-2B6F-4BCF-93F0-AA0C134BEBE8}.Debug|Any CPU.ActiveCfg = Debug|Any CPU
		{94A300B3-2B6F-4BCF-93F0-AA0C134BEBE8}.Debug|Any CPU.Build.0 = Debug|Any CPU
		{94A300B3-2B6F-4BCF-93F0-AA0C134BEBE8}.Release|Any CPU.ActiveCfg = Release|Any CPU
		{94A300B3-2B6F-4BCF-93F0-AA0C134BEBE8}.Release|Any CPU.Build.0 = Release|Any CPU
		{FD8F8C69-EB88-43B2-AEE7-85A8920743F9}.Debug|Any CPU.ActiveCfg = Debug|Any CPU
		{FD8F8C69-EB88-43B2-AEE7-85A8920743F9}.Debug|Any CPU.Build.0 = Debug|Any CPU
		{FD8F8C69-EB88-43B2-AEE7-85A8920743F9}.Release|Any CPU.ActiveCfg = Release|Any CPU
		{FD8F8C69-EB88-43B2-AEE7-85A8920743F9}.Release|Any CPU.Build.0 = Release|Any CPU
		{F4505E6B-3918-427A-9A86-A91D2863EA8A}.Debug|Any CPU.ActiveCfg = Debug|Any CPU
		{F4505E6B-3918-427A-9A86-A91D2863EA8A}.Debug|Any CPU.Build.0 = Debug|Any CPU
		{F4505E6B-3918-427A-9A86-A91D2863EA8A}.Release|Any CPU.ActiveCfg = Release|Any CPU
		{F4505E6B-3918-427A-9A86-A91D2863EA8A}.Release|Any CPU.Build.0 = Release|Any CPU
		{84853AD3-8DE2-4570-815D-B0AD4F074D8C}.Debug|Any CPU.ActiveCfg = Debug|Any CPU
		{84853AD3-8DE2-4570-815D-B0AD4F074D8C}.Debug|Any CPU.Build.0 = Debug|Any CPU
		{84853AD3-8DE2-4570-815D-B0AD4F074D8C}.Release|Any CPU.ActiveCfg = Release|Any CPU
		{84853AD3-8DE2-4570-815D-B0AD4F074D8C}.Release|Any CPU.Build.0 = Release|Any CPU
		{9B7DB514-F60E-44D7-8856-FD6000EB572E}.Debug|Any CPU.ActiveCfg = Debug|Any CPU
		{9B7DB514-F60E-44D7-8856-FD6000EB572E}.Debug|Any CPU.Build.0 = Debug|Any CPU
		{9B7DB514-F60E-44D7-8856-FD6000EB572E}.Release|Any CPU.ActiveCfg = Release|Any CPU
		{9B7DB514-F60E-44D7-8856-FD6000EB572E}.Release|Any CPU.Build.0 = Release|Any CPU
	EndGlobalSection
	GlobalSection(SolutionProperties) = preSolution
		HideSolutionNode = FALSE
	EndGlobalSection
	GlobalSection(ExtensibilityGlobals) = postSolution
		SolutionGuid = {6B4DB575-DA35-465E-89A9-7FBDCFC317A9}
	EndGlobalSection
EndGlobal
