
Microsoft Visual Studio Solution File, Format Version 12.00
# Visual Studio Version 16
VisualStudioVersion = 16.0.30002.166
MinimumVisualStudioVersion = 10.0.40219.1
Project("{9A19103F-16F7-4668-BE54-9A1E7A4F7556}") = "DP", "DP\DP.csproj", "{18A89B78-5DBD-4A4F-B1BF-693B08C8CD8C}"
EndProject
Project("{9A19103F-16F7-4668-BE54-9A1E7A4F7556}") = "Factory", "Factory\Factory.csproj", "{A3DBB0B7-EB2B-487B-B5DA-0231C80C9266}"
EndProject
Project("{9A19103F-16F7-4668-BE54-9A1E7A4F7556}") = "Momento", "Momento\Momento.csproj", "{2C589F8C-1E7E-4FF6-9E15-EAEE3C434D9C}"
EndProject
Project("{9A19103F-16F7-4668-BE54-9A1E7A4F7556}") = "State", "State\State.csproj", "{C945D1D9-0BEB-48B3-9744-10286E4BB138}"
EndProject
Project("{9A19103F-16F7-4668-BE54-9A1E7A4F7556}") = "Iterator", "Iterator\Iterator.csproj", "{392D3E00-A722-4F96-9C33-38B67932B381}"
EndProject
Project("{FAE04EC0-301F-11D3-BF4B-00C04F79EFBC}") = "Strategy", "Strategy\Strategy.csproj", "{C0FA5149-9569-43B6-996B-BC6058645F72}"
EndProject
Global
	GlobalSection(SolutionConfigurationPlatforms) = preSolution
		Debug|Any CPU = Debug|Any CPU
		Release|Any CPU = Release|Any CPU
	EndGlobalSection
	GlobalSection(ProjectConfigurationPlatforms) = postSolution
		{18A89B78-5DBD-4A4F-B1BF-693B08C8CD8C}.Debug|Any CPU.ActiveCfg = Debug|Any CPU
		{18A89B78-5DBD-4A4F-B1BF-693B08C8CD8C}.Debug|Any CPU.Build.0 = Debug|Any CPU
		{18A89B78-5DBD-4A4F-B1BF-693B08C8CD8C}.Release|Any CPU.ActiveCfg = Release|Any CPU
		{18A89B78-5DBD-4A4F-B1BF-693B08C8CD8C}.Release|Any CPU.Build.0 = Release|Any CPU
		{A3DBB0B7-EB2B-487B-B5DA-0231C80C9266}.Debug|Any CPU.ActiveCfg = Debug|Any CPU
		{A3DBB0B7-EB2B-487B-B5DA-0231C80C9266}.Debug|Any CPU.Build.0 = Debug|Any CPU
		{A3DBB0B7-EB2B-487B-B5DA-0231C80C9266}.Release|Any CPU.ActiveCfg = Release|Any CPU
		{A3DBB0B7-EB2B-487B-B5DA-0231C80C9266}.Release|Any CPU.Build.0 = Release|Any CPU
		{2C589F8C-1E7E-4FF6-9E15-EAEE3C434D9C}.Debug|Any CPU.ActiveCfg = Debug|Any CPU
		{2C589F8C-1E7E-4FF6-9E15-EAEE3C434D9C}.Debug|Any CPU.Build.0 = Debug|Any CPU
		{2C589F8C-1E7E-4FF6-9E15-EAEE3C434D9C}.Release|Any CPU.ActiveCfg = Release|Any CPU
		{2C589F8C-1E7E-4FF6-9E15-EAEE3C434D9C}.Release|Any CPU.Build.0 = Release|Any CPU
		{C945D1D9-0BEB-48B3-9744-10286E4BB138}.Debug|Any CPU.ActiveCfg = Debug|Any CPU
		{C945D1D9-0BEB-48B3-9744-10286E4BB138}.Debug|Any CPU.Build.0 = Debug|Any CPU
		{C945D1D9-0BEB-48B3-9744-10286E4BB138}.Release|Any CPU.ActiveCfg = Release|Any CPU
		{C945D1D9-0BEB-48B3-9744-10286E4BB138}.Release|Any CPU.Build.0 = Release|Any CPU
		{392D3E00-A722-4F96-9C33-38B67932B381}.Debug|Any CPU.ActiveCfg = Debug|Any CPU
		{392D3E00-A722-4F96-9C33-38B67932B381}.Debug|Any CPU.Build.0 = Debug|Any CPU
		{392D3E00-A722-4F96-9C33-38B67932B381}.Release|Any CPU.ActiveCfg = Release|Any CPU
		{392D3E00-A722-4F96-9C33-38B67932B381}.Release|Any CPU.Build.0 = Release|Any CPU
		{C0FA5149-9569-43B6-996B-BC6058645F72}.Debug|Any CPU.ActiveCfg = Debug|Any CPU
		{C0FA5149-9569-43B6-996B-BC6058645F72}.Debug|Any CPU.Build.0 = Debug|Any CPU
		{C0FA5149-9569-43B6-996B-BC6058645F72}.Release|Any CPU.ActiveCfg = Release|Any CPU
		{C0FA5149-9569-43B6-996B-BC6058645F72}.Release|Any CPU.Build.0 = Release|Any CPU
	EndGlobalSection
	GlobalSection(SolutionProperties) = preSolution
		HideSolutionNode = FALSE
	EndGlobalSection
	GlobalSection(ExtensibilityGlobals) = postSolution
		SolutionGuid = {6B4DB575-DA35-465E-89A9-7FBDCFC317A9}
	EndGlobalSection
EndGlobal
